// !$*UTF8*$!
{
	archiveVersion = 1;
	classes = {
	};
	objectVersion = 46;
	objects = {

/* Begin PBXBuildFile section */
		020A3CFA1B8BDEB200263781 /* BGM.mp3 in Resources */ = {isa = PBXBuildFile; fileRef = 020A3CF91B8BDEB200263781 /* BGM.mp3 */; };
		0222B5FB1BD935170054A1A2 /* background.png in Resources */ = {isa = PBXBuildFile; fileRef = 0222B5FA1BD935170054A1A2 /* background.png */; };
		023311E91B966BA4002B46CA /* munku.png in Resources */ = {isa = PBXBuildFile; fileRef = 023311E81B966BA4002B46CA /* munku.png */; };
		0245FCDF1BD5C3FF00B6844C /* backgroundTitleORG.png in Resources */ = {isa = PBXBuildFile; fileRef = 0245FCDE1BD5C3FF00B6844C /* backgroundTitleORG.png */; };
		0245FCE11BD5C44D00B6844C /* logo.png in Resources */ = {isa = PBXBuildFile; fileRef = 0245FCE01BD5C44D00B6844C /* logo.png */; };
		02474B8E1C0FADE900FFA25D /* AsyncButton.swift in Sources */ = {isa = PBXBuildFile; fileRef = 02474B701C0FADE900FFA25D /* AsyncButton.swift */; };
		02474B8F1C0FADE900FFA25D /* AsyncImageView.swift in Sources */ = {isa = PBXBuildFile; fileRef = 02474B711C0FADE900FFA25D /* AsyncImageView.swift */; };
		02474B901C0FADE900FFA25D /* AutoTextView.swift in Sources */ = {isa = PBXBuildFile; fileRef = 02474B721C0FADE900FFA25D /* AutoTextView.swift */; };
		02474B911C0FADE900FFA25D /* BlurView.swift in Sources */ = {isa = PBXBuildFile; fileRef = 02474B731C0FADE900FFA25D /* BlurView.swift */; };
		02474B921C0FADE900FFA25D /* DesignableButton.swift in Sources */ = {isa = PBXBuildFile; fileRef = 02474B741C0FADE900FFA25D /* DesignableButton.swift */; };
		02474B931C0FADE900FFA25D /* DesignableImageView.swift in Sources */ = {isa = PBXBuildFile; fileRef = 02474B751C0FADE900FFA25D /* DesignableImageView.swift */; };
		02474B941C0FADE900FFA25D /* DesignableLabel.swift in Sources */ = {isa = PBXBuildFile; fileRef = 02474B761C0FADE900FFA25D /* DesignableLabel.swift */; };
		02474B951C0FADE900FFA25D /* DesignableTabBarController.swift in Sources */ = {isa = PBXBuildFile; fileRef = 02474B771C0FADE900FFA25D /* DesignableTabBarController.swift */; };
		02474B961C0FADE900FFA25D /* DesignableTextField.swift in Sources */ = {isa = PBXBuildFile; fileRef = 02474B781C0FADE900FFA25D /* DesignableTextField.swift */; };
		02474B971C0FADE900FFA25D /* DesignableTextView.swift in Sources */ = {isa = PBXBuildFile; fileRef = 02474B791C0FADE900FFA25D /* DesignableTextView.swift */; };
		02474B981C0FADE900FFA25D /* DesignableView.swift in Sources */ = {isa = PBXBuildFile; fileRef = 02474B7A1C0FADE900FFA25D /* DesignableView.swift */; };
		02474B991C0FADE900FFA25D /* ImageLoader.swift in Sources */ = {isa = PBXBuildFile; fileRef = 02474B7B1C0FADE900FFA25D /* ImageLoader.swift */; };
		02474B9A1C0FADE900FFA25D /* Info.plist in Resources */ = {isa = PBXBuildFile; fileRef = 02474B7C1C0FADE900FFA25D /* Info.plist */; };
		02474B9B1C0FADE900FFA25D /* KeyboardLayoutConstraint.swift in Sources */ = {isa = PBXBuildFile; fileRef = 02474B7D1C0FADE900FFA25D /* KeyboardLayoutConstraint.swift */; };
		02474B9C1C0FADE900FFA25D /* LoadingView.swift in Sources */ = {isa = PBXBuildFile; fileRef = 02474B7E1C0FADE900FFA25D /* LoadingView.swift */; };
		02474B9D1C0FADE900FFA25D /* LoadingView.xib in Resources */ = {isa = PBXBuildFile; fileRef = 02474B7F1C0FADE900FFA25D /* LoadingView.xib */; };
		02474B9E1C0FADE900FFA25D /* Misc.swift in Sources */ = {isa = PBXBuildFile; fileRef = 02474B801C0FADE900FFA25D /* Misc.swift */; };
		02474B9F1C0FADE900FFA25D /* SoundPlayer.swift in Sources */ = {isa = PBXBuildFile; fileRef = 02474B811C0FADE900FFA25D /* SoundPlayer.swift */; };
		02474BA01C0FADE900FFA25D /* Spring.swift in Sources */ = {isa = PBXBuildFile; fileRef = 02474B831C0FADE900FFA25D /* Spring.swift */; };
		02474BA11C0FADE900FFA25D /* SpringAnimation.swift in Sources */ = {isa = PBXBuildFile; fileRef = 02474B841C0FADE900FFA25D /* SpringAnimation.swift */; };
		02474BA21C0FADE900FFA25D /* SpringButton.swift in Sources */ = {isa = PBXBuildFile; fileRef = 02474B851C0FADE900FFA25D /* SpringButton.swift */; };
		02474BA31C0FADE900FFA25D /* SpringImageView.swift in Sources */ = {isa = PBXBuildFile; fileRef = 02474B861C0FADE900FFA25D /* SpringImageView.swift */; };
		02474BA41C0FADE900FFA25D /* SpringLabel.swift in Sources */ = {isa = PBXBuildFile; fileRef = 02474B871C0FADE900FFA25D /* SpringLabel.swift */; };
		02474BA51C0FADE900FFA25D /* SpringTextField.swift in Sources */ = {isa = PBXBuildFile; fileRef = 02474B881C0FADE900FFA25D /* SpringTextField.swift */; };
		02474BA61C0FADE900FFA25D /* SpringTextView.swift in Sources */ = {isa = PBXBuildFile; fileRef = 02474B891C0FADE900FFA25D /* SpringTextView.swift */; };
		02474BA71C0FADE900FFA25D /* SpringView.swift in Sources */ = {isa = PBXBuildFile; fileRef = 02474B8A1C0FADE900FFA25D /* SpringView.swift */; };
		02474BA81C0FADE900FFA25D /* TransitionManager.swift in Sources */ = {isa = PBXBuildFile; fileRef = 02474B8B1C0FADE900FFA25D /* TransitionManager.swift */; };
		02474BA91C0FADE900FFA25D /* TransitionZoom.swift in Sources */ = {isa = PBXBuildFile; fileRef = 02474B8C1C0FADE900FFA25D /* TransitionZoom.swift */; };
		02474BAA1C0FADE900FFA25D /* UnwindSegue.swift in Sources */ = {isa = PBXBuildFile; fileRef = 02474B8D1C0FADE900FFA25D /* UnwindSegue.swift */; };
		0268B4EE1B790CE00075252D /* AppDelegate.swift in Sources */ = {isa = PBXBuildFile; fileRef = 0268B4ED1B790CE00075252D /* AppDelegate.swift */; };
		0268B4F01B790CE00075252D /* ViewController.swift in Sources */ = {isa = PBXBuildFile; fileRef = 0268B4EF1B790CE00075252D /* ViewController.swift */; };
		0268B4F31B790CE00075252D /* Main.storyboard in Resources */ = {isa = PBXBuildFile; fileRef = 0268B4F11B790CE00075252D /* Main.storyboard */; };
		0268B4F51B790CE00075252D /* Images.xcassets in Resources */ = {isa = PBXBuildFile; fileRef = 0268B4F41B790CE00075252D /* Images.xcassets */; };
		0268B4F81B790CE00075252D /* LaunchScreen.xib in Resources */ = {isa = PBXBuildFile; fileRef = 0268B4F61B790CE00075252D /* LaunchScreen.xib */; };
		0268B5041B790CE00075252D /* toireKeePeeTests.swift in Sources */ = {isa = PBXBuildFile; fileRef = 0268B5031B790CE00075252D /* toireKeePeeTests.swift */; };
		0268B51B1B790DF10075252D /* maru.png in Resources */ = {isa = PBXBuildFile; fileRef = 0268B5141B790DF10075252D /* maru.png */; };
		026ADB4A1BA037450051BE8F /* women.png in Resources */ = {isa = PBXBuildFile; fileRef = 026ADB491BA037450051BE8F /* women.png */; };
		0279A24C1B79E88200CF916A /* SoundManager.swift in Sources */ = {isa = PBXBuildFile; fileRef = 0279A24B1B79E88200CF916A /* SoundManager.swift */; };
		027A56D21C1092B300E3330C /* AboutViewController.swift in Sources */ = {isa = PBXBuildFile; fileRef = 027A56D11C1092B300E3330C /* AboutViewController.swift */; };
		027A56D41C1094A500E3330C /* AboutTableViewCell.swift in Sources */ = {isa = PBXBuildFile; fileRef = 027A56D31C1094A500E3330C /* AboutTableViewCell.swift */; };
		028C77CE1BE04A3200DBDEE9 /* batsu.png in Resources */ = {isa = PBXBuildFile; fileRef = 028C77CD1BE04A3200DBDEE9 /* batsu.png */; };
		02A2E4AF1B95D20A0060BE32 /* men.png in Resources */ = {isa = PBXBuildFile; fileRef = 02A2E4AE1B95D20A0060BE32 /* men.png */; };
		02A5D0051BD4090D00F16453 /* menButton.png in Resources */ = {isa = PBXBuildFile; fileRef = 02A5D0031BD4090D00F16453 /* menButton.png */; };
		02A5D0061BD4090D00F16453 /* womenButton.png in Resources */ = {isa = PBXBuildFile; fileRef = 02A5D0041BD4090D00F16453 /* womenButton.png */; };
		02A633EC1BAB1A1200295BFD /* Social.framework in Frameworks */ = {isa = PBXBuildFile; fileRef = 02A633EB1BAB1A1200295BFD /* Social.framework */; };
		02B283911BD2C037009E67B1 /* RGBExtention.swift in Sources */ = {isa = PBXBuildFile; fileRef = 02B283901BD2C037009E67B1 /* RGBExtention.swift */; };
		02BEEABE1BE03C4C00E6E3D7 /* LINE_icon_Green.png in Resources */ = {isa = PBXBuildFile; fileRef = 02BEEABD1BE03C4C00E6E3D7 /* LINE_icon_Green.png */; };
		02BEEAC01BE03C5D00E6E3D7 /* TwitterLogo_#55acee.png in Resources */ = {isa = PBXBuildFile; fileRef = 02BEEABF1BE03C5D00E6E3D7 /* TwitterLogo_#55acee.png */; };
		02D2CA831C0AF6ED00E9B082 /* Licenses.plist in Resources */ = {isa = PBXBuildFile; fileRef = 02D2CA821C0AF6ED00E9B082 /* Licenses.plist */; };
		02DE64D81B94361700BB51C3 /* StartViewController.swift in Sources */ = {isa = PBXBuildFile; fileRef = 02DE64D71B94361700BB51C3 /* StartViewController.swift */; };
		02ECBC0A1C10A08900AEEC43 /* LicenseListViewController.swift in Sources */ = {isa = PBXBuildFile; fileRef = 02ECBC091C10A08900AEEC43 /* LicenseListViewController.swift */; };
		02ECBC0C1C10A0C400AEEC43 /* LicenseDetailViewController.swift in Sources */ = {isa = PBXBuildFile; fileRef = 02ECBC0B1C10A0C400AEEC43 /* LicenseDetailViewController.swift */; };
		BB06AF4A1BF1E49F00A7DEE1 /* hue.mp3 in Resources */ = {isa = PBXBuildFile; fileRef = BB06AF491BF1E49F00A7DEE1 /* hue.mp3 */; };
		BB76664B1BF0E65800679E43 /* batsu.mp3 in Resources */ = {isa = PBXBuildFile; fileRef = BB7666491BF0E65800679E43 /* batsu.mp3 */; };
		BB76664D1BF0E92F00679E43 /* maru.mp3 in Resources */ = {isa = PBXBuildFile; fileRef = BB76664C1BF0E92F00679E43 /* maru.mp3 */; };
		BB97A0571BEA0BE800FB2E4D /* titleBackground.png in Resources */ = {isa = PBXBuildFile; fileRef = BB97A0561BEA0BE800FB2E4D /* titleBackground.png */; };
/* End PBXBuildFile section */

/* Begin PBXContainerItemProxy section */
		0268B4FE1B790CE00075252D /* PBXContainerItemProxy */ = {
			isa = PBXContainerItemProxy;
			containerPortal = 0268B4E01B790CE00075252D /* Project object */;
			proxyType = 1;
			remoteGlobalIDString = 0268B4E71B790CE00075252D;
			remoteInfo = toireKeePee;
		};
/* End PBXContainerItemProxy section */

/* Begin PBXFileReference section */
		020A3CF91B8BDEB200263781 /* BGM.mp3 */ = {isa = PBXFileReference; lastKnownFileType = audio.mp3; path = BGM.mp3; sourceTree = "<group>"; };
		0222B5FA1BD935170054A1A2 /* background.png */ = {isa = PBXFileReference; lastKnownFileType = image.png; path = background.png; sourceTree = "<group>"; };
		023311E81B966BA4002B46CA /* munku.png */ = {isa = PBXFileReference; lastKnownFileType = image.png; path = munku.png; sourceTree = "<group>"; };
		0245FCDE1BD5C3FF00B6844C /* backgroundTitleORG.png */ = {isa = PBXFileReference; lastKnownFileType = image.png; path = backgroundTitleORG.png; sourceTree = "<group>"; };
		0245FCE01BD5C44D00B6844C /* logo.png */ = {isa = PBXFileReference; lastKnownFileType = image.png; path = logo.png; sourceTree = "<group>"; };
		02474B701C0FADE900FFA25D /* AsyncButton.swift */ = {isa = PBXFileReference; fileEncoding = 4; lastKnownFileType = sourcecode.swift; path = AsyncButton.swift; sourceTree = "<group>"; };
		02474B711C0FADE900FFA25D /* AsyncImageView.swift */ = {isa = PBXFileReference; fileEncoding = 4; lastKnownFileType = sourcecode.swift; path = AsyncImageView.swift; sourceTree = "<group>"; };
		02474B721C0FADE900FFA25D /* AutoTextView.swift */ = {isa = PBXFileReference; fileEncoding = 4; lastKnownFileType = sourcecode.swift; path = AutoTextView.swift; sourceTree = "<group>"; };
		02474B731C0FADE900FFA25D /* BlurView.swift */ = {isa = PBXFileReference; fileEncoding = 4; lastKnownFileType = sourcecode.swift; path = BlurView.swift; sourceTree = "<group>"; };
		02474B741C0FADE900FFA25D /* DesignableButton.swift */ = {isa = PBXFileReference; fileEncoding = 4; lastKnownFileType = sourcecode.swift; path = DesignableButton.swift; sourceTree = "<group>"; };
		02474B751C0FADE900FFA25D /* DesignableImageView.swift */ = {isa = PBXFileReference; fileEncoding = 4; lastKnownFileType = sourcecode.swift; path = DesignableImageView.swift; sourceTree = "<group>"; };
		02474B761C0FADE900FFA25D /* DesignableLabel.swift */ = {isa = PBXFileReference; fileEncoding = 4; lastKnownFileType = sourcecode.swift; path = DesignableLabel.swift; sourceTree = "<group>"; };
		02474B771C0FADE900FFA25D /* DesignableTabBarController.swift */ = {isa = PBXFileReference; fileEncoding = 4; lastKnownFileType = sourcecode.swift; path = DesignableTabBarController.swift; sourceTree = "<group>"; };
		02474B781C0FADE900FFA25D /* DesignableTextField.swift */ = {isa = PBXFileReference; fileEncoding = 4; lastKnownFileType = sourcecode.swift; path = DesignableTextField.swift; sourceTree = "<group>"; };
		02474B791C0FADE900FFA25D /* DesignableTextView.swift */ = {isa = PBXFileReference; fileEncoding = 4; lastKnownFileType = sourcecode.swift; path = DesignableTextView.swift; sourceTree = "<group>"; };
		02474B7A1C0FADE900FFA25D /* DesignableView.swift */ = {isa = PBXFileReference; fileEncoding = 4; lastKnownFileType = sourcecode.swift; path = DesignableView.swift; sourceTree = "<group>"; };
		02474B7B1C0FADE900FFA25D /* ImageLoader.swift */ = {isa = PBXFileReference; fileEncoding = 4; lastKnownFileType = sourcecode.swift; path = ImageLoader.swift; sourceTree = "<group>"; };
		02474B7C1C0FADE900FFA25D /* Info.plist */ = {isa = PBXFileReference; fileEncoding = 4; lastKnownFileType = text.plist.xml; path = Info.plist; sourceTree = "<group>"; };
		02474B7D1C0FADE900FFA25D /* KeyboardLayoutConstraint.swift */ = {isa = PBXFileReference; fileEncoding = 4; lastKnownFileType = sourcecode.swift; path = KeyboardLayoutConstraint.swift; sourceTree = "<group>"; };
		02474B7E1C0FADE900FFA25D /* LoadingView.swift */ = {isa = PBXFileReference; fileEncoding = 4; lastKnownFileType = sourcecode.swift; path = LoadingView.swift; sourceTree = "<group>"; };
		02474B7F1C0FADE900FFA25D /* LoadingView.xib */ = {isa = PBXFileReference; fileEncoding = 4; lastKnownFileType = file.xib; path = LoadingView.xib; sourceTree = "<group>"; };
		02474B801C0FADE900FFA25D /* Misc.swift */ = {isa = PBXFileReference; fileEncoding = 4; lastKnownFileType = sourcecode.swift; path = Misc.swift; sourceTree = "<group>"; };
		02474B811C0FADE900FFA25D /* SoundPlayer.swift */ = {isa = PBXFileReference; fileEncoding = 4; lastKnownFileType = sourcecode.swift; path = SoundPlayer.swift; sourceTree = "<group>"; };
		02474B821C0FADE900FFA25D /* Spring.h */ = {isa = PBXFileReference; fileEncoding = 4; lastKnownFileType = sourcecode.c.h; path = Spring.h; sourceTree = "<group>"; };
		02474B831C0FADE900FFA25D /* Spring.swift */ = {isa = PBXFileReference; fileEncoding = 4; lastKnownFileType = sourcecode.swift; path = Spring.swift; sourceTree = "<group>"; };
		02474B841C0FADE900FFA25D /* SpringAnimation.swift */ = {isa = PBXFileReference; fileEncoding = 4; lastKnownFileType = sourcecode.swift; path = SpringAnimation.swift; sourceTree = "<group>"; };
		02474B851C0FADE900FFA25D /* SpringButton.swift */ = {isa = PBXFileReference; fileEncoding = 4; lastKnownFileType = sourcecode.swift; path = SpringButton.swift; sourceTree = "<group>"; };
		02474B861C0FADE900FFA25D /* SpringImageView.swift */ = {isa = PBXFileReference; fileEncoding = 4; lastKnownFileType = sourcecode.swift; path = SpringImageView.swift; sourceTree = "<group>"; };
		02474B871C0FADE900FFA25D /* SpringLabel.swift */ = {isa = PBXFileReference; fileEncoding = 4; lastKnownFileType = sourcecode.swift; path = SpringLabel.swift; sourceTree = "<group>"; };
		02474B881C0FADE900FFA25D /* SpringTextField.swift */ = {isa = PBXFileReference; fileEncoding = 4; lastKnownFileType = sourcecode.swift; path = SpringTextField.swift; sourceTree = "<group>"; };
		02474B891C0FADE900FFA25D /* SpringTextView.swift */ = {isa = PBXFileReference; fileEncoding = 4; lastKnownFileType = sourcecode.swift; path = SpringTextView.swift; sourceTree = "<group>"; };
		02474B8A1C0FADE900FFA25D /* SpringView.swift */ = {isa = PBXFileReference; fileEncoding = 4; lastKnownFileType = sourcecode.swift; path = SpringView.swift; sourceTree = "<group>"; };
		02474B8B1C0FADE900FFA25D /* TransitionManager.swift */ = {isa = PBXFileReference; fileEncoding = 4; lastKnownFileType = sourcecode.swift; path = TransitionManager.swift; sourceTree = "<group>"; };
		02474B8C1C0FADE900FFA25D /* TransitionZoom.swift */ = {isa = PBXFileReference; fileEncoding = 4; lastKnownFileType = sourcecode.swift; path = TransitionZoom.swift; sourceTree = "<group>"; };
		02474B8D1C0FADE900FFA25D /* UnwindSegue.swift */ = {isa = PBXFileReference; fileEncoding = 4; lastKnownFileType = sourcecode.swift; path = UnwindSegue.swift; sourceTree = "<group>"; };
		0268B4E81B790CE00075252D /* toireKeePee.app */ = {isa = PBXFileReference; explicitFileType = wrapper.application; includeInIndex = 0; path = toireKeePee.app; sourceTree = BUILT_PRODUCTS_DIR; };
		0268B4EC1B790CE00075252D /* Info.plist */ = {isa = PBXFileReference; lastKnownFileType = text.plist.xml; path = Info.plist; sourceTree = "<group>"; };
		0268B4ED1B790CE00075252D /* AppDelegate.swift */ = {isa = PBXFileReference; lastKnownFileType = sourcecode.swift; path = AppDelegate.swift; sourceTree = "<group>"; };
		0268B4EF1B790CE00075252D /* ViewController.swift */ = {isa = PBXFileReference; lastKnownFileType = sourcecode.swift; path = ViewController.swift; sourceTree = "<group>"; };
		0268B4F21B790CE00075252D /* Base */ = {isa = PBXFileReference; lastKnownFileType = file.storyboard; name = Base; path = Base.lproj/Main.storyboard; sourceTree = "<group>"; };
		0268B4F41B790CE00075252D /* Images.xcassets */ = {isa = PBXFileReference; lastKnownFileType = folder.assetcatalog; path = Images.xcassets; sourceTree = "<group>"; };
		0268B4F71B790CE00075252D /* Base */ = {isa = PBXFileReference; lastKnownFileType = file.xib; name = Base; path = Base.lproj/LaunchScreen.xib; sourceTree = "<group>"; };
		0268B4FD1B790CE00075252D /* toireKeePeeTests.xctest */ = {isa = PBXFileReference; explicitFileType = wrapper.cfbundle; includeInIndex = 0; path = toireKeePeeTests.xctest; sourceTree = BUILT_PRODUCTS_DIR; };
		0268B5021B790CE00075252D /* Info.plist */ = {isa = PBXFileReference; lastKnownFileType = text.plist.xml; path = Info.plist; sourceTree = "<group>"; };
		0268B5031B790CE00075252D /* toireKeePeeTests.swift */ = {isa = PBXFileReference; lastKnownFileType = sourcecode.swift; path = toireKeePeeTests.swift; sourceTree = "<group>"; };
		0268B5141B790DF10075252D /* maru.png */ = {isa = PBXFileReference; lastKnownFileType = image.png; path = maru.png; sourceTree = "<group>"; };
		026ADB491BA037450051BE8F /* women.png */ = {isa = PBXFileReference; lastKnownFileType = image.png; path = women.png; sourceTree = "<group>"; };
		0279A24B1B79E88200CF916A /* SoundManager.swift */ = {isa = PBXFileReference; fileEncoding = 4; lastKnownFileType = sourcecode.swift; path = SoundManager.swift; sourceTree = "<group>"; };
		027A56D11C1092B300E3330C /* AboutViewController.swift */ = {isa = PBXFileReference; fileEncoding = 4; lastKnownFileType = sourcecode.swift; path = AboutViewController.swift; sourceTree = "<group>"; };
		027A56D31C1094A500E3330C /* AboutTableViewCell.swift */ = {isa = PBXFileReference; fileEncoding = 4; lastKnownFileType = sourcecode.swift; path = AboutTableViewCell.swift; sourceTree = "<group>"; };
		028C77CD1BE04A3200DBDEE9 /* batsu.png */ = {isa = PBXFileReference; lastKnownFileType = image.png; path = batsu.png; sourceTree = "<group>"; };
		02A2E4AE1B95D20A0060BE32 /* men.png */ = {isa = PBXFileReference; lastKnownFileType = image.png; path = men.png; sourceTree = "<group>"; };
		02A5D0031BD4090D00F16453 /* menButton.png */ = {isa = PBXFileReference; lastKnownFileType = image.png; path = menButton.png; sourceTree = "<group>"; };
		02A5D0041BD4090D00F16453 /* womenButton.png */ = {isa = PBXFileReference; lastKnownFileType = image.png; path = womenButton.png; sourceTree = "<group>"; };
		02A633EB1BAB1A1200295BFD /* Social.framework */ = {isa = PBXFileReference; lastKnownFileType = wrapper.framework; name = Social.framework; path = System/Library/Frameworks/Social.framework; sourceTree = SDKROOT; };
		02B283901BD2C037009E67B1 /* RGBExtention.swift */ = {isa = PBXFileReference; fileEncoding = 4; lastKnownFileType = sourcecode.swift; path = RGBExtention.swift; sourceTree = "<group>"; };
		02BEEABD1BE03C4C00E6E3D7 /* LINE_icon_Green.png */ = {isa = PBXFileReference; lastKnownFileType = image.png; path = LINE_icon_Green.png; sourceTree = "<group>"; };
		02BEEABF1BE03C5D00E6E3D7 /* TwitterLogo_#55acee.png */ = {isa = PBXFileReference; lastKnownFileType = image.png; path = "TwitterLogo_#55acee.png"; sourceTree = "<group>"; };
		02D2CA821C0AF6ED00E9B082 /* Licenses.plist */ = {isa = PBXFileReference; fileEncoding = 4; lastKnownFileType = text.plist.xml; path = Licenses.plist; sourceTree = "<group>"; };
		02DE64D71B94361700BB51C3 /* StartViewController.swift */ = {isa = PBXFileReference; fileEncoding = 4; lastKnownFileType = sourcecode.swift; path = StartViewController.swift; sourceTree = "<group>"; };
		02ECBC091C10A08900AEEC43 /* LicenseListViewController.swift */ = {isa = PBXFileReference; fileEncoding = 4; lastKnownFileType = sourcecode.swift; path = LicenseListViewController.swift; sourceTree = "<group>"; };
		02ECBC0B1C10A0C400AEEC43 /* LicenseDetailViewController.swift */ = {isa = PBXFileReference; fileEncoding = 4; lastKnownFileType = sourcecode.swift; path = LicenseDetailViewController.swift; sourceTree = "<group>"; };
		BB06AF491BF1E49F00A7DEE1 /* hue.mp3 */ = {isa = PBXFileReference; lastKnownFileType = audio.mp3; path = hue.mp3; sourceTree = "<group>"; };
		BB7666491BF0E65800679E43 /* batsu.mp3 */ = {isa = PBXFileReference; lastKnownFileType = audio.mp3; path = batsu.mp3; sourceTree = "<group>"; };
		BB76664C1BF0E92F00679E43 /* maru.mp3 */ = {isa = PBXFileReference; lastKnownFileType = audio.mp3; path = maru.mp3; sourceTree = "<group>"; };
		BB97A0561BEA0BE800FB2E4D /* titleBackground.png */ = {isa = PBXFileReference; lastKnownFileType = image.png; path = titleBackground.png; sourceTree = "<group>"; };
/* End PBXFileReference section */

/* Begin PBXFrameworksBuildPhase section */
		0268B4E51B790CE00075252D /* Frameworks */ = {
			isa = PBXFrameworksBuildPhase;
			buildActionMask = 2147483647;
			files = (
				02A633EC1BAB1A1200295BFD /* Social.framework in Frameworks */,
			);
			runOnlyForDeploymentPostprocessing = 0;
		};
		0268B4FA1B790CE00075252D /* Frameworks */ = {
			isa = PBXFrameworksBuildPhase;
			buildActionMask = 2147483647;
			files = (
			);
			runOnlyForDeploymentPostprocessing = 0;
		};
/* End PBXFrameworksBuildPhase section */

/* Begin PBXGroup section */
		02474B6F1C0FADE900FFA25D /* Spring */ = {
			isa = PBXGroup;
			children = (
				02474B701C0FADE900FFA25D /* AsyncButton.swift */,
				02474B711C0FADE900FFA25D /* AsyncImageView.swift */,
				02474B721C0FADE900FFA25D /* AutoTextView.swift */,
				02474B731C0FADE900FFA25D /* BlurView.swift */,
				02474B741C0FADE900FFA25D /* DesignableButton.swift */,
				02474B751C0FADE900FFA25D /* DesignableImageView.swift */,
				02474B761C0FADE900FFA25D /* DesignableLabel.swift */,
				02474B771C0FADE900FFA25D /* DesignableTabBarController.swift */,
				02474B781C0FADE900FFA25D /* DesignableTextField.swift */,
				02474B791C0FADE900FFA25D /* DesignableTextView.swift */,
				02474B7A1C0FADE900FFA25D /* DesignableView.swift */,
				02474B7B1C0FADE900FFA25D /* ImageLoader.swift */,
				02474B7C1C0FADE900FFA25D /* Info.plist */,
				02474B7D1C0FADE900FFA25D /* KeyboardLayoutConstraint.swift */,
				02474B7E1C0FADE900FFA25D /* LoadingView.swift */,
				02474B7F1C0FADE900FFA25D /* LoadingView.xib */,
				02474B801C0FADE900FFA25D /* Misc.swift */,
				02474B811C0FADE900FFA25D /* SoundPlayer.swift */,
				02474B821C0FADE900FFA25D /* Spring.h */,
				02474B831C0FADE900FFA25D /* Spring.swift */,
				02474B841C0FADE900FFA25D /* SpringAnimation.swift */,
				02474B851C0FADE900FFA25D /* SpringButton.swift */,
				02474B861C0FADE900FFA25D /* SpringImageView.swift */,
				02474B871C0FADE900FFA25D /* SpringLabel.swift */,
				02474B881C0FADE900FFA25D /* SpringTextField.swift */,
				02474B891C0FADE900FFA25D /* SpringTextView.swift */,
				02474B8A1C0FADE900FFA25D /* SpringView.swift */,
				02474B8B1C0FADE900FFA25D /* TransitionManager.swift */,
				02474B8C1C0FADE900FFA25D /* TransitionZoom.swift */,
				02474B8D1C0FADE900FFA25D /* UnwindSegue.swift */,
			);
			path = Spring;
			sourceTree = "<group>";
		};
		0266277E1C0CBE05008F6EF0 /* About */ = {
			isa = PBXGroup;
			children = (
				027A56D11C1092B300E3330C /* AboutViewController.swift */,
				027A56D31C1094A500E3330C /* AboutTableViewCell.swift */,
				02ECBC091C10A08900AEEC43 /* LicenseListViewController.swift */,
				02ECBC0B1C10A0C400AEEC43 /* LicenseDetailViewController.swift */,
			);
			name = About;
			sourceTree = "<group>";
		};
		0268B4DF1B790CE00075252D = {
			isa = PBXGroup;
			children = (
				0268B4EA1B790CE00075252D /* toireKeePee */,
				0268B5001B790CE00075252D /* toireKeePeeTests */,
				0268B4E91B790CE00075252D /* Products */,
				02A633EB1BAB1A1200295BFD /* Social.framework */,
			);
			sourceTree = "<group>";
		};
		0268B4E91B790CE00075252D /* Products */ = {
			isa = PBXGroup;
			children = (
				0268B4E81B790CE00075252D /* toireKeePee.app */,
				0268B4FD1B790CE00075252D /* toireKeePeeTests.xctest */,
			);
			name = Products;
			sourceTree = "<group>";
		};
		0268B4EA1B790CE00075252D /* toireKeePee */ = {
			isa = PBXGroup;
			children = (
				0266277E1C0CBE05008F6EF0 /* About */,
				0268B4ED1B790CE00075252D /* AppDelegate.swift */,
				02B283901BD2C037009E67B1 /* RGBExtention.swift */,
				0279A24B1B79E88200CF916A /* SoundManager.swift */,
				0268B4EF1B790CE00075252D /* ViewController.swift */,
				02DE64D71B94361700BB51C3 /* StartViewController.swift */,
				0268B4F11B790CE00075252D /* Main.storyboard */,
				0268B4F41B790CE00075252D /* Images.xcassets */,
				02474B6F1C0FADE900FFA25D /* Spring */,
				0268B50F1B790DE30075252D /* Image */,
				0279A24D1B79ED1B00CF916A /* Sound */,
				0268B4F61B790CE00075252D /* LaunchScreen.xib */,
				0268B4EB1B790CE00075252D /* Supporting Files */,
			);
			path = toireKeePee;
			sourceTree = "<group>";
		};
		0268B4EB1B790CE00075252D /* Supporting Files */ = {
			isa = PBXGroup;
			children = (
				0268B4EC1B790CE00075252D /* Info.plist */,
				02D2CA821C0AF6ED00E9B082 /* Licenses.plist */,
			);
			name = "Supporting Files";
			sourceTree = "<group>";
		};
		0268B5001B790CE00075252D /* toireKeePeeTests */ = {
			isa = PBXGroup;
			children = (
				0268B5031B790CE00075252D /* toireKeePeeTests.swift */,
				0268B5011B790CE00075252D /* Supporting Files */,
			);
			path = toireKeePeeTests;
			sourceTree = "<group>";
		};
		0268B5011B790CE00075252D /* Supporting Files */ = {
			isa = PBXGroup;
			children = (
				0268B5021B790CE00075252D /* Info.plist */,
			);
			name = "Supporting Files";
			sourceTree = "<group>";
		};
		0268B50F1B790DE30075252D /* Image */ = {
			isa = PBXGroup;
			children = (
				02BEEABD1BE03C4C00E6E3D7 /* LINE_icon_Green.png */,
				BB97A0561BEA0BE800FB2E4D /* titleBackground.png */,
				02BEEABF1BE03C5D00E6E3D7 /* TwitterLogo_#55acee.png */,
				02A5D0031BD4090D00F16453 /* menButton.png */,
				0222B5FA1BD935170054A1A2 /* background.png */,
				0245FCDE1BD5C3FF00B6844C /* backgroundTitleORG.png */,
				0245FCE01BD5C44D00B6844C /* logo.png */,
				02A5D0041BD4090D00F16453 /* womenButton.png */,
				02A2E4AE1B95D20A0060BE32 /* men.png */,
				026ADB491BA037450051BE8F /* women.png */,
				023311E81B966BA4002B46CA /* munku.png */,
				028C77CD1BE04A3200DBDEE9 /* batsu.png */,
				0268B5141B790DF10075252D /* maru.png */,
			);
			name = Image;
			sourceTree = "<group>";
		};
		0279A24D1B79ED1B00CF916A /* Sound */ = {
			isa = PBXGroup;
			children = (
				BB7666491BF0E65800679E43 /* batsu.mp3 */,
				BB76664C1BF0E92F00679E43 /* maru.mp3 */,
				020A3CF91B8BDEB200263781 /* BGM.mp3 */,
				BB06AF491BF1E49F00A7DEE1 /* hue.mp3 */,
			);
			name = Sound;
			sourceTree = "<group>";
		};
/* End PBXGroup section */

/* Begin PBXNativeTarget section */
		0268B4E71B790CE00075252D /* toireKeePee */ = {
			isa = PBXNativeTarget;
			buildConfigurationList = 0268B5071B790CE00075252D /* Build configuration list for PBXNativeTarget "toireKeePee" */;
			buildPhases = (
				0268B4E41B790CE00075252D /* Sources */,
				0268B4E51B790CE00075252D /* Frameworks */,
				0268B4E61B790CE00075252D /* Resources */,
			);
			buildRules = (
			);
			dependencies = (
			);
			name = toireKeePee;
			productName = toireKeePee;
			productReference = 0268B4E81B790CE00075252D /* toireKeePee.app */;
			productType = "com.apple.product-type.application";
		};
		0268B4FC1B790CE00075252D /* toireKeePeeTests */ = {
			isa = PBXNativeTarget;
			buildConfigurationList = 0268B50A1B790CE00075252D /* Build configuration list for PBXNativeTarget "toireKeePeeTests" */;
			buildPhases = (
				0268B4F91B790CE00075252D /* Sources */,
				0268B4FA1B790CE00075252D /* Frameworks */,
				0268B4FB1B790CE00075252D /* Resources */,
			);
			buildRules = (
			);
			dependencies = (
				0268B4FF1B790CE00075252D /* PBXTargetDependency */,
			);
			name = toireKeePeeTests;
			productName = toireKeePeeTests;
			productReference = 0268B4FD1B790CE00075252D /* toireKeePeeTests.xctest */;
			productType = "com.apple.product-type.bundle.unit-test";
		};
/* End PBXNativeTarget section */

/* Begin PBXProject section */
		0268B4E01B790CE00075252D /* Project object */ = {
			isa = PBXProject;
			attributes = {
				LastSwiftUpdateCheck = 0710;
				LastUpgradeCheck = 0710;
				ORGANIZATIONNAME = hattori;
				TargetAttributes = {
					0268B4E71B790CE00075252D = {
						CreatedOnToolsVersion = 6.4;
						DevelopmentTeam = 6E7NXP7GJM;
					};
					0268B4FC1B790CE00075252D = {
						CreatedOnToolsVersion = 6.4;
						TestTargetID = 0268B4E71B790CE00075252D;
					};
				};
			};
			buildConfigurationList = 0268B4E31B790CE00075252D /* Build configuration list for PBXProject "toireKeePee" */;
			compatibilityVersion = "Xcode 3.2";
			developmentRegion = English;
			hasScannedForEncodings = 0;
			knownRegions = (
				en,
				Base,
			);
			mainGroup = 0268B4DF1B790CE00075252D;
			productRefGroup = 0268B4E91B790CE00075252D /* Products */;
			projectDirPath = "";
			projectRoot = "";
			targets = (
				0268B4E71B790CE00075252D /* toireKeePee */,
				0268B4FC1B790CE00075252D /* toireKeePeeTests */,
			);
		};
/* End PBXProject section */

/* Begin PBXResourcesBuildPhase section */
		0268B4E61B790CE00075252D /* Resources */ = {
			isa = PBXResourcesBuildPhase;
			buildActionMask = 2147483647;
			files = (
				0268B4F31B790CE00075252D /* Main.storyboard in Resources */,
				0222B5FB1BD935170054A1A2 /* background.png in Resources */,
				02D2CA831C0AF6ED00E9B082 /* Licenses.plist in Resources */,
				023311E91B966BA4002B46CA /* munku.png in Resources */,
				020A3CFA1B8BDEB200263781 /* BGM.mp3 in Resources */,
				BB76664D1BF0E92F00679E43 /* maru.mp3 in Resources */,
				02BEEABE1BE03C4C00E6E3D7 /* LINE_icon_Green.png in Resources */,
				0268B51B1B790DF10075252D /* maru.png in Resources */,
				02474B9D1C0FADE900FFA25D /* LoadingView.xib in Resources */,
				02474B9A1C0FADE900FFA25D /* Info.plist in Resources */,
				02BEEAC01BE03C5D00E6E3D7 /* TwitterLogo_#55acee.png in Resources */,
				BB97A0571BEA0BE800FB2E4D /* titleBackground.png in Resources */,
				0245FCDF1BD5C3FF00B6844C /* backgroundTitleORG.png in Resources */,
				026ADB4A1BA037450051BE8F /* women.png in Resources */,
				0245FCE11BD5C44D00B6844C /* logo.png in Resources */,
				028C77CE1BE04A3200DBDEE9 /* batsu.png in Resources */,
				BB06AF4A1BF1E49F00A7DEE1 /* hue.mp3 in Resources */,
				0268B4F81B790CE00075252D /* LaunchScreen.xib in Resources */,
				0268B4F51B790CE00075252D /* Images.xcassets in Resources */,
				02A5D0061BD4090D00F16453 /* womenButton.png in Resources */,
				BB76664B1BF0E65800679E43 /* batsu.mp3 in Resources */,
				02A2E4AF1B95D20A0060BE32 /* men.png in Resources */,
				02A5D0051BD4090D00F16453 /* menButton.png in Resources */,
			);
			runOnlyForDeploymentPostprocessing = 0;
		};
		0268B4FB1B790CE00075252D /* Resources */ = {
			isa = PBXResourcesBuildPhase;
			buildActionMask = 2147483647;
			files = (
			);
			runOnlyForDeploymentPostprocessing = 0;
		};
/* End PBXResourcesBuildPhase section */

/* Begin PBXSourcesBuildPhase section */
		0268B4E41B790CE00075252D /* Sources */ = {
			isa = PBXSourcesBuildPhase;
			buildActionMask = 2147483647;
			files = (
				0279A24C1B79E88200CF916A /* SoundManager.swift in Sources */,
				02474B9F1C0FADE900FFA25D /* SoundPlayer.swift in Sources */,
				02474B931C0FADE900FFA25D /* DesignableImageView.swift in Sources */,
				02474BA51C0FADE900FFA25D /* SpringTextField.swift in Sources */,
				02DE64D81B94361700BB51C3 /* StartViewController.swift in Sources */,
				02474B961C0FADE900FFA25D /* DesignableTextField.swift in Sources */,
				02474BA81C0FADE900FFA25D /* TransitionManager.swift in Sources */,
				02474BA11C0FADE900FFA25D /* SpringAnimation.swift in Sources */,
				02474B8E1C0FADE900FFA25D /* AsyncButton.swift in Sources */,
				027A56D41C1094A500E3330C /* AboutTableViewCell.swift in Sources */,
				02474B9B1C0FADE900FFA25D /* KeyboardLayoutConstraint.swift in Sources */,
				02474B921C0FADE900FFA25D /* DesignableButton.swift in Sources */,
				02B283911BD2C037009E67B1 /* RGBExtention.swift in Sources */,
				0268B4F01B790CE00075252D /* ViewController.swift in Sources */,
				02474B981C0FADE900FFA25D /* DesignableView.swift in Sources */,
				02ECBC0C1C10A0C400AEEC43 /* LicenseDetailViewController.swift in Sources */,
				02474BA91C0FADE900FFA25D /* TransitionZoom.swift in Sources */,
				02474B911C0FADE900FFA25D /* BlurView.swift in Sources */,
				0268B4EE1B790CE00075252D /* AppDelegate.swift in Sources */,
				02474B991C0FADE900FFA25D /* ImageLoader.swift in Sources */,
				02474BA71C0FADE900FFA25D /* SpringView.swift in Sources */,
				02474BA41C0FADE900FFA25D /* SpringLabel.swift in Sources */,
				02474B9E1C0FADE900FFA25D /* Misc.swift in Sources */,
				02474B951C0FADE900FFA25D /* DesignableTabBarController.swift in Sources */,
				02474B901C0FADE900FFA25D /* AutoTextView.swift in Sources */,
				02474B971C0FADE900FFA25D /* DesignableTextView.swift in Sources */,
				027A56D21C1092B300E3330C /* AboutViewController.swift in Sources */,
				02474BA01C0FADE900FFA25D /* Spring.swift in Sources */,
				02ECBC0A1C10A08900AEEC43 /* LicenseListViewController.swift in Sources */,
				02474BA21C0FADE900FFA25D /* SpringButton.swift in Sources */,
				02474BAA1C0FADE900FFA25D /* UnwindSegue.swift in Sources */,
				02474B941C0FADE900FFA25D /* DesignableLabel.swift in Sources */,
				02474BA31C0FADE900FFA25D /* SpringImageView.swift in Sources */,
				02474B9C1C0FADE900FFA25D /* LoadingView.swift in Sources */,
				02474BA61C0FADE900FFA25D /* SpringTextView.swift in Sources */,
				02474B8F1C0FADE900FFA25D /* AsyncImageView.swift in Sources */,
			);
			runOnlyForDeploymentPostprocessing = 0;
		};
		0268B4F91B790CE00075252D /* Sources */ = {
			isa = PBXSourcesBuildPhase;
			buildActionMask = 2147483647;
			files = (
				0268B5041B790CE00075252D /* toireKeePeeTests.swift in Sources */,
			);
			runOnlyForDeploymentPostprocessing = 0;
		};
/* End PBXSourcesBuildPhase section */

/* Begin PBXTargetDependency section */
		0268B4FF1B790CE00075252D /* PBXTargetDependency */ = {
			isa = PBXTargetDependency;
			target = 0268B4E71B790CE00075252D /* toireKeePee */;
			targetProxy = 0268B4FE1B790CE00075252D /* PBXContainerItemProxy */;
		};
/* End PBXTargetDependency section */

/* Begin PBXVariantGroup section */
		0268B4F11B790CE00075252D /* Main.storyboard */ = {
			isa = PBXVariantGroup;
			children = (
				0268B4F21B790CE00075252D /* Base */,
			);
			name = Main.storyboard;
			sourceTree = "<group>";
		};
		0268B4F61B790CE00075252D /* LaunchScreen.xib */ = {
			isa = PBXVariantGroup;
			children = (
				0268B4F71B790CE00075252D /* Base */,
			);
			name = LaunchScreen.xib;
			sourceTree = "<group>";
		};
/* End PBXVariantGroup section */

/* Begin XCBuildConfiguration section */
		0268B5051B790CE00075252D /* Debug */ = {
			isa = XCBuildConfiguration;
			buildSettings = {
				ALWAYS_SEARCH_USER_PATHS = NO;
				CLANG_CXX_LANGUAGE_STANDARD = "gnu++0x";
				CLANG_CXX_LIBRARY = "libc++";
				CLANG_ENABLE_MODULES = YES;
				CLANG_ENABLE_OBJC_ARC = YES;
				CLANG_WARN_BOOL_CONVERSION = YES;
				CLANG_WARN_CONSTANT_CONVERSION = YES;
				CLANG_WARN_DIRECT_OBJC_ISA_USAGE = YES_ERROR;
				CLANG_WARN_EMPTY_BODY = YES;
				CLANG_WARN_ENUM_CONVERSION = YES;
				CLANG_WARN_INT_CONVERSION = YES;
				CLANG_WARN_OBJC_ROOT_CLASS = YES_ERROR;
				CLANG_WARN_UNREACHABLE_CODE = YES;
				CLANG_WARN__DUPLICATE_METHOD_MATCH = YES;
				CODE_SIGN_IDENTITY = "";
				"CODE_SIGN_IDENTITY[sdk=iphoneos*]" = "";
				COPY_PHASE_STRIP = NO;
				DEBUG_INFORMATION_FORMAT = "dwarf-with-dsym";
				ENABLE_STRICT_OBJC_MSGSEND = YES;
				ENABLE_TESTABILITY = YES;
				GCC_C_LANGUAGE_STANDARD = gnu99;
				GCC_DYNAMIC_NO_PIC = NO;
				GCC_NO_COMMON_BLOCKS = YES;
				GCC_OPTIMIZATION_LEVEL = 0;
				GCC_PREPROCESSOR_DEFINITIONS = (
					"DEBUG=1",
					"$(inherited)",
				);
				GCC_SYMBOLS_PRIVATE_EXTERN = NO;
				GCC_WARN_64_TO_32_BIT_CONVERSION = YES;
				GCC_WARN_ABOUT_RETURN_TYPE = YES_ERROR;
				GCC_WARN_UNDECLARED_SELECTOR = YES;
				GCC_WARN_UNINITIALIZED_AUTOS = YES_AGGRESSIVE;
				GCC_WARN_UNUSED_FUNCTION = YES;
				GCC_WARN_UNUSED_VARIABLE = YES;
				IPHONEOS_DEPLOYMENT_TARGET = 8.4;
				MTL_ENABLE_DEBUG_INFO = YES;
				ONLY_ACTIVE_ARCH = YES;
				SDKROOT = iphoneos;
				SWIFT_OPTIMIZATION_LEVEL = "-Onone";
				VALIDATE_PRODUCT = YES;
			};
			name = Debug;
		};
		0268B5061B790CE00075252D /* Release */ = {
			isa = XCBuildConfiguration;
			buildSettings = {
				ALWAYS_SEARCH_USER_PATHS = NO;
				CLANG_CXX_LANGUAGE_STANDARD = "gnu++0x";
				CLANG_CXX_LIBRARY = "libc++";
				CLANG_ENABLE_MODULES = YES;
				CLANG_ENABLE_OBJC_ARC = YES;
				CLANG_WARN_BOOL_CONVERSION = YES;
				CLANG_WARN_CONSTANT_CONVERSION = YES;
				CLANG_WARN_DIRECT_OBJC_ISA_USAGE = YES_ERROR;
				CLANG_WARN_EMPTY_BODY = YES;
				CLANG_WARN_ENUM_CONVERSION = YES;
				CLANG_WARN_INT_CONVERSION = YES;
				CLANG_WARN_OBJC_ROOT_CLASS = YES_ERROR;
				CLANG_WARN_UNREACHABLE_CODE = YES;
				CLANG_WARN__DUPLICATE_METHOD_MATCH = YES;
				CODE_SIGN_IDENTITY = "iPhone Distribution";
				"CODE_SIGN_IDENTITY[sdk=iphoneos*]" = "iPhone Distribution";
				COPY_PHASE_STRIP = NO;
				DEBUG_INFORMATION_FORMAT = "dwarf-with-dsym";
				ENABLE_NS_ASSERTIONS = NO;
				ENABLE_STRICT_OBJC_MSGSEND = YES;
				ENABLE_TESTABILITY = YES;
				GCC_C_LANGUAGE_STANDARD = gnu99;
				GCC_NO_COMMON_BLOCKS = YES;
				GCC_WARN_64_TO_32_BIT_CONVERSION = YES;
				GCC_WARN_ABOUT_RETURN_TYPE = YES_ERROR;
				GCC_WARN_UNDECLARED_SELECTOR = YES;
				GCC_WARN_UNINITIALIZED_AUTOS = YES_AGGRESSIVE;
				GCC_WARN_UNUSED_FUNCTION = YES;
				GCC_WARN_UNUSED_VARIABLE = YES;
				IPHONEOS_DEPLOYMENT_TARGET = 8.4;
				MTL_ENABLE_DEBUG_INFO = NO;
				ONLY_ACTIVE_ARCH = YES;
				SDKROOT = iphoneos;
				VALIDATE_PRODUCT = YES;
			};
			name = Release;
		};
		0268B5081B790CE00075252D /* Debug */ = {
			isa = XCBuildConfiguration;
			buildSettings = {
				ASSETCATALOG_COMPILER_APPICON_NAME = AppIcon;
				CODE_SIGN_IDENTITY = "iPhone Developer";
				"CODE_SIGN_IDENTITY[sdk=iphoneos*]" = "iPhone Developer";
				INFOPLIST_FILE = toireKeePee/Info.plist;
				IPHONEOS_DEPLOYMENT_TARGET = 8.4;
				LD_RUNPATH_SEARCH_PATHS = "$(inherited) @executable_path/Frameworks";
				PRODUCT_BUNDLE_IDENTIFIER = "com.appcider.$(PRODUCT_NAME:rfc1034identifier)";
				PRODUCT_NAME = "$(TARGET_NAME)";
				PROVISIONING_PROFILE = "";
			};
			name = Debug;
		};
		0268B5091B790CE00075252D /* Release */ = {
			isa = XCBuildConfiguration;
			buildSettings = {
				ASSETCATALOG_COMPILER_APPICON_NAME = AppIcon;
				CODE_SIGN_IDENTITY = "iPhone Distribution";
				"CODE_SIGN_IDENTITY[sdk=iphoneos*]" = "iPhone Distribution";
				INFOPLIST_FILE = toireKeePee/Info.plist;
				IPHONEOS_DEPLOYMENT_TARGET = 8.4;
				LD_RUNPATH_SEARCH_PATHS = "$(inherited) @executable_path/Frameworks";
				PRODUCT_BUNDLE_IDENTIFIER = "com.appcider.$(PRODUCT_NAME:rfc1034identifier)";
				PRODUCT_NAME = "$(TARGET_NAME)";
				PROVISIONING_PROFILE = "";
			};
			name = Release;
		};
		0268B50B1B790CE00075252D /* Debug */ = {
			isa = XCBuildConfiguration;
			buildSettings = {
				BUNDLE_LOADER = "$(TEST_HOST)";
				FRAMEWORK_SEARCH_PATHS = "";
				GCC_PREPROCESSOR_DEFINITIONS = (
					"DEBUG=1",
					"$(inherited)",
				);
				INFOPLIST_FILE = toireKeePeeTests/Info.plist;
				LD_RUNPATH_SEARCH_PATHS = "$(inherited) @executable_path/Frameworks @loader_path/Frameworks";
				PRODUCT_BUNDLE_IDENTIFIER = "com.appcider.$(PRODUCT_NAME:rfc1034identifier)";
				PRODUCT_NAME = "$(TARGET_NAME)";
				TEST_HOST = "$(BUILT_PRODUCTS_DIR)/toireKeePee.app/toireKeePee";
			};
			name = Debug;
		};
		0268B50C1B790CE00075252D /* Release */ = {
			isa = XCBuildConfiguration;
			buildSettings = {
				BUNDLE_LOADER = "$(TEST_HOST)";
				FRAMEWORK_SEARCH_PATHS = "";
				INFOPLIST_FILE = toireKeePeeTests/Info.plist;
				LD_RUNPATH_SEARCH_PATHS = "$(inherited) @executable_path/Frameworks @loader_path/Frameworks";
				PRODUCT_BUNDLE_IDENTIFIER = "com.appcider.$(PRODUCT_NAME:rfc1034identifier)";
				PRODUCT_NAME = "$(TARGET_NAME)";
				TEST_HOST = "$(BUILT_PRODUCTS_DIR)/toireKeePee.app/toireKeePee";
			};
			name = Release;
		};
/* End XCBuildConfiguration section */

/* Begin XCConfigurationList section */
		0268B4E31B790CE00075252D /* Build configuration list for PBXProject "toireKeePee" */ = {
			isa = XCConfigurationList;
			buildConfigurations = (
				0268B5051B790CE00075252D /* Debug */,
				0268B5061B790CE00075252D /* Release */,
			);
			defaultConfigurationIsVisible = 0;
			defaultConfigurationName = Release;
		};
		0268B5071B790CE00075252D /* Build configuration list for PBXNativeTarget "toireKeePee" */ = {
			isa = XCConfigurationList;
			buildConfigurations = (
				0268B5081B790CE00075252D /* Debug */,
				0268B5091B790CE00075252D /* Release */,
			);
			defaultConfigurationIsVisible = 0;
			defaultConfigurationName = Release;
		};
		0268B50A1B790CE00075252D /* Build configuration list for PBXNativeTarget "toireKeePeeTests" */ = {
			isa = XCConfigurationList;
			buildConfigurations = (
				0268B50B1B790CE00075252D /* Debug */,
				0268B50C1B790CE00075252D /* Release */,
			);
			defaultConfigurationIsVisible = 0;
			defaultConfigurationName = Release;
		};
/* End XCConfigurationList section */
	};
	rootObject = 0268B4E01B790CE00075252D /* Project object */;
}
